
Microsoft Visual Studio Solution File, Format Version 12.00
# Visual Studio Version 17
VisualStudioVersion = 17.0.31903.59
MinimumVisualStudioVersion = 10.0.40219.1
Project("{2150E333-8FDC-42A3-9474-1A3956D46DE8}") = "src", "src", "{827E0CD3-B72D-47B6-A68D-7590B98EB39B}"
EndProject
Project("{FAE04EC0-301F-11D3-BF4B-00C04F79EFBC}") = "DBTeam.Core", "src\DBTeam.Core\DBTeam.Core.csproj", "{7BBC6C6D-6A48-47EE-93CA-906A70AE46DD}"
EndProject
Project("{FAE04EC0-301F-11D3-BF4B-00C04F79EFBC}") = "DBTeam.Data", "src\DBTeam.Data\DBTeam.Data.csproj", "{3FBDAEA4-E683-4693-810F-375D100ED7EA}"
EndProject
Project("{FAE04EC0-301F-11D3-BF4B-00C04F79EFBC}") = "DBTeam.UI", "src\DBTeam.UI\DBTeam.UI.csproj", "{B18795F8-1758-4464-BCD3-3F9DA65A9E91}"
EndProject
Project("{FAE04EC0-301F-11D3-BF4B-00C04F79EFBC}") = "DBTeam.App", "src\DBTeam.App\DBTeam.App.csproj", "{F1A82151-0CAC-4B34-964D-4A2FA6C5E989}"
EndProject
Project("{FAE04EC0-301F-11D3-BF4B-00C04F79EFBC}") = "DBTeam.Modules.ConnectionManager", "src\Modules\DBTeam.Modules.ConnectionManager\DBTeam.Modules.ConnectionManager.csproj", "{CA4690AF-93E9-4DA9-9ED4-DEE72D780A7E}"
EndProject
Project("{FAE04EC0-301F-11D3-BF4B-00C04F79EFBC}") = "DBTeam.Modules.DataCompare", "src\Modules\DBTeam.Modules.DataCompare\DBTeam.Modules.DataCompare.csproj", "{F5610175-8AC1-46DF-9E96-6E5B3BF2FAF3}"
EndProject
Project("{FAE04EC0-301F-11D3-BF4B-00C04F79EFBC}") = "DBTeam.Modules.DataGenerator", "src\Modules\DBTeam.Modules.DataGenerator\DBTeam.Modules.DataGenerator.csproj", "{C95E30C7-2B3E-4205-9708-24C1DEFCE185}"
EndProject
Project("{FAE04EC0-301F-11D3-BF4B-00C04F79EFBC}") = "DBTeam.Modules.Debugger", "src\Modules\DBTeam.Modules.Debugger\DBTeam.Modules.Debugger.csproj", "{2BE4A4B0-78C7-4749-B00B-1304BF8CA20F}"
EndProject
Project("{FAE04EC0-301F-11D3-BF4B-00C04F79EFBC}") = "DBTeam.Modules.Diagram", "src\Modules\DBTeam.Modules.Diagram\DBTeam.Modules.Diagram.csproj", "{BD779D03-376D-4C68-9A94-8EF7988CD2BD}"
EndProject
Project("{FAE04EC0-301F-11D3-BF4B-00C04F79EFBC}") = "DBTeam.Modules.Documenter", "src\Modules\DBTeam.Modules.Documenter\DBTeam.Modules.Documenter.csproj", "{B8F5C7DB-7E0E-478E-86B0-A1D84D4804EA}"
EndProject
Project("{FAE04EC0-301F-11D3-BF4B-00C04F79EFBC}") = "DBTeam.Modules.ObjectExplorer", "src\Modules\DBTeam.Modules.ObjectExplorer\DBTeam.Modules.ObjectExplorer.csproj", "{3006A5A6-1F2D-47D1-A28B-7B704A30BAE7}"
EndProject
Project("{FAE04EC0-301F-11D3-BF4B-00C04F79EFBC}") = "DBTeam.Modules.Profiler", "src\Modules\DBTeam.Modules.Profiler\DBTeam.Modules.Profiler.csproj", "{56C31F49-8968-4CEB-9EF4-35B3B85D24DA}"
EndProject
Project("{FAE04EC0-301F-11D3-BF4B-00C04F79EFBC}") = "DBTeam.Modules.QueryEditor", "src\Modules\DBTeam.Modules.QueryEditor\DBTeam.Modules.QueryEditor.csproj", "{26FB3D52-E7F8-445E-8FB1-E9652D228B95}"
EndProject
Project("{FAE04EC0-301F-11D3-BF4B-00C04F79EFBC}") = "DBTeam.Modules.ResultsGrid", "src\Modules\DBTeam.Modules.ResultsGrid\DBTeam.Modules.ResultsGrid.csproj", "{8370767F-F180-4F84-B33B-404A103F8146}"
EndProject
Project("{FAE04EC0-301F-11D3-BF4B-00C04F79EFBC}") = "DBTeam.Modules.SchemaCompare", "src\Modules\DBTeam.Modules.SchemaCompare\DBTeam.Modules.SchemaCompare.csproj", "{BB94F657-81E1-44A2-9C5E-F3AFE973FD57}"
EndProject
Project("{FAE04EC0-301F-11D3-BF4B-00C04F79EFBC}") = "DBTeam.Modules.TableDesigner", "src\Modules\DBTeam.Modules.TableDesigner\DBTeam.Modules.TableDesigner.csproj", "{E23E812C-14D7-4E79-AC96-43A143766459}"
EndProject
Project("{2150E333-8FDC-42A3-9474-1A3956D46DE8}") = "tests", "tests", "{0AB3BF05-4346-4AA6-1389-037BE0695223}"
EndProject
Project("{FAE04EC0-301F-11D3-BF4B-00C04F79EFBC}") = "DBTeam.Tests", "tests\DBTeam.Tests\DBTeam.Tests.csproj", "{51149F2B-676C-4C9F-988F-E7C23A1E4B19}"
EndProject
Global
	GlobalSection(SolutionConfigurationPlatforms) = preSolution
		Debug|Any CPU = Debug|Any CPU
		Debug|x64 = Debug|x64
		Debug|x86 = Debug|x86
		Release|Any CPU = Release|Any CPU
		Release|x64 = Release|x64
		Release|x86 = Release|x86
	EndGlobalSection
	GlobalSection(ProjectConfigurationPlatforms) = postSolution
		{7BBC6C6D-6A48-47EE-93CA-906A70AE46DD}.Debug|Any CPU.ActiveCfg = Debug|Any CPU
		{7BBC6C6D-6A48-47EE-93CA-906A70AE46DD}.Debug|Any CPU.Build.0 = Debug|Any CPU
		{7BBC6C6D-6A48-47EE-93CA-906A70AE46DD}.Debug|x64.ActiveCfg = Debug|Any CPU
		{7BBC6C6D-6A48-47EE-93CA-906A70AE46DD}.Debug|x64.Build.0 = Debug|Any CPU
		{7BBC6C6D-6A48-47EE-93CA-906A70AE46DD}.Debug|x86.ActiveCfg = Debug|Any CPU
		{7BBC6C6D-6A48-47EE-93CA-906A70AE46DD}.Debug|x86.Build.0 = Debug|Any CPU
		{7BBC6C6D-6A48-47EE-93CA-906A70AE46DD}.Release|Any CPU.ActiveCfg = Release|Any CPU
		{7BBC6C6D-6A48-47EE-93CA-906A70AE46DD}.Release|Any CPU.Build.0 = Release|Any CPU
		{7BBC6C6D-6A48-47EE-93CA-906A70AE46DD}.Release|x64.ActiveCfg = Release|Any CPU
		{7BBC6C6D-6A48-47EE-93CA-906A70AE46DD}.Release|x64.Build.0 = Release|Any CPU
		{7BBC6C6D-6A48-47EE-93CA-906A70AE46DD}.Release|x86.ActiveCfg = Release|Any CPU
		{7BBC6C6D-6A48-47EE-93CA-906A70AE46DD}.Release|x86.Build.0 = Release|Any CPU
		{3FBDAEA4-E683-4693-810F-375D100ED7EA}.Debug|Any CPU.ActiveCfg = Debug|Any CPU
		{3FBDAEA4-E683-4693-810F-375D100ED7EA}.Debug|Any CPU.Build.0 = Debug|Any CPU
		{3FBDAEA4-E683-4693-810F-375D100ED7EA}.Debug|x64.ActiveCfg = Debug|Any CPU
		{3FBDAEA4-E683-4693-810F-375D100ED7EA}.Debug|x64.Build.0 = Debug|Any CPU
		{3FBDAEA4-E683-4693-810F-375D100ED7EA}.Debug|x86.ActiveCfg = Debug|Any CPU
		{3FBDAEA4-E683-4693-810F-375D100ED7EA}.Debug|x86.Build.0 = Debug|Any CPU
		{3FBDAEA4-E683-4693-810F-375D100ED7EA}.Release|Any CPU.ActiveCfg = Release|Any CPU
		{3FBDAEA4-E683-4693-810F-375D100ED7EA}.Release|Any CPU.Build.0 = Release|Any CPU
		{3FBDAEA4-E683-4693-810F-375D100ED7EA}.Release|x64.ActiveCfg = Release|Any CPU
		{3FBDAEA4-E683-4693-810F-375D100ED7EA}.Release|x64.Build.0 = Release|Any CPU
		{3FBDAEA4-E683-4693-810F-375D100ED7EA}.Release|x86.ActiveCfg = Release|Any CPU
		{3FBDAEA4-E683-4693-810F-375D100ED7EA}.Release|x86.Build.0 = Release|Any CPU
		{B18795F8-1758-4464-BCD3-3F9DA65A9E91}.Debug|Any CPU.ActiveCfg = Debug|Any CPU
		{B18795F8-1758-4464-BCD3-3F9DA65A9E91}.Debug|Any CPU.Build.0 = Debug|Any CPU
		{B18795F8-1758-4464-BCD3-3F9DA65A9E91}.Debug|x64.ActiveCfg = Debug|Any CPU
		{B18795F8-1758-4464-BCD3-3F9DA65A9E91}.Debug|x64.Build.0 = Debug|Any CPU
		{B18795F8-1758-4464-BCD3-3F9DA65A9E91}.Debug|x86.ActiveCfg = Debug|Any CPU
		{B18795F8-1758-4464-BCD3-3F9DA65A9E91}.Debug|x86.Build.0 = Debug|Any CPU
		{B18795F8-1758-4464-BCD3-3F9DA65A9E91}.Release|Any CPU.ActiveCfg = Release|Any CPU
		{B18795F8-1758-4464-BCD3-3F9DA65A9E91}.Release|Any CPU.Build.0 = Release|Any CPU
		{B18795F8-1758-4464-BCD3-3F9DA65A9E91}.Release|x64.ActiveCfg = Release|Any CPU
		{B18795F8-1758-4464-BCD3-3F9DA65A9E91}.Release|x64.Build.0 = Release|Any CPU
		{B18795F8-1758-4464-BCD3-3F9DA65A9E91}.Release|x86.ActiveCfg = Release|Any CPU
		{B18795F8-1758-4464-BCD3-3F9DA65A9E91}.Release|x86.Build.0 = Release|Any CPU
		{F1A82151-0CAC-4B34-964D-4A2FA6C5E989}.Debug|Any CPU.ActiveCfg = Debug|Any CPU
		{F1A82151-0CAC-4B34-964D-4A2FA6C5E989}.Debug|Any CPU.Build.0 = Debug|Any CPU
		{F1A82151-0CAC-4B34-964D-4A2FA6C5E989}.Debug|x64.ActiveCfg = Debug|Any CPU
		{F1A82151-0CAC-4B34-964D-4A2FA6C5E989}.Debug|x64.Build.0 = Debug|Any CPU
		{F1A82151-0CAC-4B34-964D-4A2FA6C5E989}.Debug|x86.ActiveCfg = Debug|Any CPU
		{F1A82151-0CAC-4B34-964D-4A2FA6C5E989}.Debug|x86.Build.0 = Debug|Any CPU
		{F1A82151-0CAC-4B34-964D-4A2FA6C5E989}.Release|Any CPU.ActiveCfg = Release|Any CPU
		{F1A82151-0CAC-4B34-964D-4A2FA6C5E989}.Release|Any CPU.Build.0 = Release|Any CPU
		{F1A82151-0CAC-4B34-964D-4A2FA6C5E989}.Release|x64.ActiveCfg = Release|Any CPU
		{F1A82151-0CAC-4B34-964D-4A2FA6C5E989}.Release|x64.Build.0 = Release|Any CPU
		{F1A82151-0CAC-4B34-964D-4A2FA6C5E989}.Release|x86.ActiveCfg = Release|Any CPU
		{F1A82151-0CAC-4B34-964D-4A2FA6C5E989}.Release|x86.Build.0 = Release|Any CPU
		{CA4690AF-93E9-4DA9-9ED4-DEE72D780A7E}.Debug|Any CPU.ActiveCfg = Debug|Any CPU
		{CA4690AF-93E9-4DA9-9ED4-DEE72D780A7E}.Debug|Any CPU.Build.0 = Debug|Any CPU
		{CA4690AF-93E9-4DA9-9ED4-DEE72D780A7E}.Debug|x64.ActiveCfg = Debug|Any CPU
		{CA4690AF-93E9-4DA9-9ED4-DEE72D780A7E}.Debug|x64.Build.0 = Debug|Any CPU
		{CA4690AF-93E9-4DA9-9ED4-DEE72D780A7E}.Debug|x86.ActiveCfg = Debug|Any CPU
		{CA4690AF-93E9-4DA9-9ED4-DEE72D780A7E}.Debug|x86.Build.0 = Debug|Any CPU
		{CA4690AF-93E9-4DA9-9ED4-DEE72D780A7E}.Release|Any CPU.ActiveCfg = Release|Any CPU
		{CA4690AF-93E9-4DA9-9ED4-DEE72D780A7E}.Release|Any CPU.Build.0 = Release|Any CPU
		{CA4690AF-93E9-4DA9-9ED4-DEE72D780A7E}.Release|x64.ActiveCfg = Release|Any CPU
		{CA4690AF-93E9-4DA9-9ED4-DEE72D780A7E}.Release|x64.Build.0 = Release|Any CPU
		{CA4690AF-93E9-4DA9-9ED4-DEE72D780A7E}.Release|x86.ActiveCfg = Release|Any CPU
		{CA4690AF-93E9-4DA9-9ED4-DEE72D780A7E}.Release|x86.Build.0 = Release|Any CPU
		{F5610175-8AC1-46DF-9E96-6E5B3BF2FAF3}.Debug|Any CPU.ActiveCfg = Debug|Any CPU
		{F5610175-8AC1-46DF-9E96-6E5B3BF2FAF3}.Debug|Any CPU.Build.0 = Debug|Any CPU
		{F5610175-8AC1-46DF-9E96-6E5B3BF2FAF3}.Debug|x64.ActiveCfg = Debug|Any CPU
		{F5610175-8AC1-46DF-9E96-6E5B3BF2FAF3}.Debug|x64.Build.0 = Debug|Any CPU
		{F5610175-8AC1-46DF-9E96-6E5B3BF2FAF3}.Debug|x86.ActiveCfg = Debug|Any CPU
		{F5610175-8AC1-46DF-9E96-6E5B3BF2FAF3}.Debug|x86.Build.0 = Debug|Any CPU
		{F5610175-8AC1-46DF-9E96-6E5B3BF2FAF3}.Release|Any CPU.ActiveCfg = Release|Any CPU
		{F5610175-8AC1-46DF-9E96-6E5B3BF2FAF3}.Release|Any CPU.Build.0 = Release|Any CPU
		{F5610175-8AC1-46DF-9E96-6E5B3BF2FAF3}.Release|x64.ActiveCfg = Release|Any CPU
		{F5610175-8AC1-46DF-9E96-6E5B3BF2FAF3}.Release|x64.Build.0 = Release|Any CPU
		{F5610175-8AC1-46DF-9E96-6E5B3BF2FAF3}.Release|x86.ActiveCfg = Release|Any CPU
		{F5610175-8AC1-46DF-9E96-6E5B3BF2FAF3}.Release|x86.Build.0 = Release|Any CPU
		{C95E30C7-2B3E-4205-9708-24C1DEFCE185}.Debug|Any CPU.ActiveCfg = Debug|Any CPU
		{C95E30C7-2B3E-4205-9708-24C1DEFCE185}.Debug|Any CPU.Build.0 = Debug|Any CPU
		{C95E30C7-2B3E-4205-9708-24C1DEFCE185}.Debug|x64.ActiveCfg = Debug|Any CPU
		{C95E30C7-2B3E-4205-9708-24C1DEFCE185}.Debug|x64.Build.0 = Debug|Any CPU
		{C95E30C7-2B3E-4205-9708-24C1DEFCE185}.Debug|x86.ActiveCfg = Debug|Any CPU
		{C95E30C7-2B3E-4205-9708-24C1DEFCE185}.Debug|x86.Build.0 = Debug|Any CPU
		{C95E30C7-2B3E-4205-9708-24C1DEFCE185}.Release|Any CPU.ActiveCfg = Release|Any CPU
		{C95E30C7-2B3E-4205-9708-24C1DEFCE185}.Release|Any CPU.Build.0 = Release|Any CPU
		{C95E30C7-2B3E-4205-9708-24C1DEFCE185}.Release|x64.ActiveCfg = Release|Any CPU
		{C95E30C7-2B3E-4205-9708-24C1DEFCE185}.Release|x64.Build.0 = Release|Any CPU
		{C95E30C7-2B3E-4205-9708-24C1DEFCE185}.Release|x86.ActiveCfg = Release|Any CPU
		{C95E30C7-2B3E-4205-9708-24C1DEFCE185}.Release|x86.Build.0 = Release|Any CPU
		{2BE4A4B0-78C7-4749-B00B-1304BF8CA20F}.Debug|Any CPU.ActiveCfg = Debug|Any CPU
		{2BE4A4B0-78C7-4749-B00B-1304BF8CA20F}.Debug|Any CPU.Build.0 = Debug|Any CPU
		{2BE4A4B0-78C7-4749-B00B-1304BF8CA20F}.Debug|x64.ActiveCfg = Debug|Any CPU
		{2BE4A4B0-78C7-4749-B00B-1304BF8CA20F}.Debug|x64.Build.0 = Debug|Any CPU
		{2BE4A4B0-78C7-4749-B00B-1304BF8CA20F}.Debug|x86.ActiveCfg = Debug|Any CPU
		{2BE4A4B0-78C7-4749-B00B-1304BF8CA20F}.Debug|x86.Build.0 = Debug|Any CPU
		{2BE4A4B0-78C7-4749-B00B-1304BF8CA20F}.Release|Any CPU.ActiveCfg = Release|Any CPU
		{2BE4A4B0-78C7-4749-B00B-1304BF8CA20F}.Release|Any CPU.Build.0 = Release|Any CPU
		{2BE4A4B0-78C7-4749-B00B-1304BF8CA20F}.Release|x64.ActiveCfg = Release|Any CPU
		{2BE4A4B0-78C7-4749-B00B-1304BF8CA20F}.Release|x64.Build.0 = Release|Any CPU
		{2BE4A4B0-78C7-4749-B00B-1304BF8CA20F}.Release|x86.ActiveCfg = Release|Any CPU
		{2BE4A4B0-78C7-4749-B00B-1304BF8CA20F}.Release|x86.Build.0 = Release|Any CPU
		{BD779D03-376D-4C68-9A94-8EF7988CD2BD}.Debug|Any CPU.ActiveCfg = Debug|Any CPU
		{BD779D03-376D-4C68-9A94-8EF7988CD2BD}.Debug|Any CPU.Build.0 = Debug|Any CPU
		{BD779D03-376D-4C68-9A94-8EF7988CD2BD}.Debug|x64.ActiveCfg = Debug|Any CPU
		{BD779D03-376D-4C68-9A94-8EF7988CD2BD}.Debug|x64.Build.0 = Debug|Any CPU
		{BD779D03-376D-4C68-9A94-8EF7988CD2BD}.Debug|x86.ActiveCfg = Debug|Any CPU
		{BD779D03-376D-4C68-9A94-8EF7988CD2BD}.Debug|x86.Build.0 = Debug|Any CPU
		{BD779D03-376D-4C68-9A94-8EF7988CD2BD}.Release|Any CPU.ActiveCfg = Release|Any CPU
		{BD779D03-376D-4C68-9A94-8EF7988CD2BD}.Release|Any CPU.Build.0 = Release|Any CPU
		{BD779D03-376D-4C68-9A94-8EF7988CD2BD}.Release|x64.ActiveCfg = Release|Any CPU
		{BD779D03-376D-4C68-9A94-8EF7988CD2BD}.Release|x64.Build.0 = Release|Any CPU
		{BD779D03-376D-4C68-9A94-8EF7988CD2BD}.Release|x86.ActiveCfg = Release|Any CPU
		{BD779D03-376D-4C68-9A94-8EF7988CD2BD}.Release|x86.Build.0 = Release|Any CPU
		{B8F5C7DB-7E0E-478E-86B0-A1D84D4804EA}.Debug|Any CPU.ActiveCfg = Debug|Any CPU
		{B8F5C7DB-7E0E-478E-86B0-A1D84D4804EA}.Debug|Any CPU.Build.0 = Debug|Any CPU
		{B8F5C7DB-7E0E-478E-86B0-A1D84D4804EA}.Debug|x64.ActiveCfg = Debug|Any CPU
		{B8F5C7DB-7E0E-478E-86B0-A1D84D4804EA}.Debug|x64.Build.0 = Debug|Any CPU
		{B8F5C7DB-7E0E-478E-86B0-A1D84D4804EA}.Debug|x86.ActiveCfg = Debug|Any CPU
		{B8F5C7DB-7E0E-478E-86B0-A1D84D4804EA}.Debug|x86.Build.0 = Debug|Any CPU
		{B8F5C7DB-7E0E-478E-86B0-A1D84D4804EA}.Release|Any CPU.ActiveCfg = Release|Any CPU
		{B8F5C7DB-7E0E-478E-86B0-A1D84D4804EA}.Release|Any CPU.Build.0 = Release|Any CPU
		{B8F5C7DB-7E0E-478E-86B0-A1D84D4804EA}.Release|x64.ActiveCfg = Release|Any CPU
		{B8F5C7DB-7E0E-478E-86B0-A1D84D4804EA}.Release|x64.Build.0 = Release|Any CPU
		{B8F5C7DB-7E0E-478E-86B0-A1D84D4804EA}.Release|x86.ActiveCfg = Release|Any CPU
		{B8F5C7DB-7E0E-478E-86B0-A1D84D4804EA}.Release|x86.Build.0 = Release|Any CPU
		{3006A5A6-1F2D-47D1-A28B-7B704A30BAE7}.Debug|Any CPU.ActiveCfg = Debug|Any CPU
		{3006A5A6-1F2D-47D1-A28B-7B704A30BAE7}.Debug|Any CPU.Build.0 = Debug|Any CPU
		{3006A5A6-1F2D-47D1-A28B-7B704A30BAE7}.Debug|x64.ActiveCfg = Debug|Any CPU
		{3006A5A6-1F2D-47D1-A28B-7B704A30BAE7}.Debug|x64.Build.0 = Debug|Any CPU
		{3006A5A6-1F2D-47D1-A28B-7B704A30BAE7}.Debug|x86.ActiveCfg = Debug|Any CPU
		{3006A5A6-1F2D-47D1-A28B-7B704A30BAE7}.Debug|x86.Build.0 = Debug|Any CPU
		{3006A5A6-1F2D-47D1-A28B-7B704A30BAE7}.Release|Any CPU.ActiveCfg = Release|Any CPU
		{3006A5A6-1F2D-47D1-A28B-7B704A30BAE7}.Release|Any CPU.Build.0 = Release|Any CPU
		{3006A5A6-1F2D-47D1-A28B-7B704A30BAE7}.Release|x64.ActiveCfg = Release|Any CPU
		{3006A5A6-1F2D-47D1-A28B-7B704A30BAE7}.Release|x64.Build.0 = Release|Any CPU
		{3006A5A6-1F2D-47D1-A28B-7B704A30BAE7}.Release|x86.ActiveCfg = Release|Any CPU
		{3006A5A6-1F2D-47D1-A28B-7B704A30BAE7}.Release|x86.Build.0 = Release|Any CPU
		{56C31F49-8968-4CEB-9EF4-35B3B85D24DA}.Debug|Any CPU.ActiveCfg = Debug|Any CPU
		{56C31F49-8968-4CEB-9EF4-35B3B85D24DA}.Debug|Any CPU.Build.0 = Debug|Any CPU
		{56C31F49-8968-4CEB-9EF4-35B3B85D24DA}.Debug|x64.ActiveCfg = Debug|Any CPU
		{56C31F49-8968-4CEB-9EF4-35B3B85D24DA}.Debug|x64.Build.0 = Debug|Any CPU
		{56C31F49-8968-4CEB-9EF4-35B3B85D24DA}.Debug|x86.ActiveCfg = Debug|Any CPU
		{56C31F49-8968-4CEB-9EF4-35B3B85D24DA}.Debug|x86.Build.0 = Debug|Any CPU
		{56C31F49-8968-4CEB-9EF4-35B3B85D24DA}.Release|Any CPU.ActiveCfg = Release|Any CPU
		{56C31F49-8968-4CEB-9EF4-35B3B85D24DA}.Release|Any CPU.Build.0 = Release|Any CPU
		{56C31F49-8968-4CEB-9EF4-35B3B85D24DA}.Release|x64.ActiveCfg = Release|Any CPU
		{56C31F49-8968-4CEB-9EF4-35B3B85D24DA}.Release|x64.Build.0 = Release|Any CPU
		{56C31F49-8968-4CEB-9EF4-35B3B85D24DA}.Release|x86.ActiveCfg = Release|Any CPU
		{56C31F49-8968-4CEB-9EF4-35B3B85D24DA}.Release|x86.Build.0 = Release|Any CPU
		{26FB3D52-E7F8-445E-8FB1-E9652D228B95}.Debug|Any CPU.ActiveCfg = Debug|Any CPU
		{26FB3D52-E7F8-445E-8FB1-E9652D228B95}.Debug|Any CPU.Build.0 = Debug|Any CPU
		{26FB3D52-E7F8-445E-8FB1-E9652D228B95}.Debug|x64.ActiveCfg = Debug|Any CPU
		{26FB3D52-E7F8-445E-8FB1-E9652D228B95}.Debug|x64.Build.0 = Debug|Any CPU
		{26FB3D52-E7F8-445E-8FB1-E9652D228B95}.Debug|x86.ActiveCfg = Debug|Any CPU
		{26FB3D52-E7F8-445E-8FB1-E9652D228B95}.Debug|x86.Build.0 = Debug|Any CPU
		{26FB3D52-E7F8-445E-8FB1-E9652D228B95}.Release|Any CPU.ActiveCfg = Release|Any CPU
		{26FB3D52-E7F8-445E-8FB1-E9652D228B95}.Release|Any CPU.Build.0 = Release|Any CPU
		{26FB3D52-E7F8-445E-8FB1-E9652D228B95}.Release|x64.ActiveCfg = Release|Any CPU
		{26FB3D52-E7F8-445E-8FB1-E9652D228B95}.Release|x64.Build.0 = Release|Any CPU
		{26FB3D52-E7F8-445E-8FB1-E9652D228B95}.Release|x86.ActiveCfg = Release|Any CPU
		{26FB3D52-E7F8-445E-8FB1-E9652D228B95}.Release|x86.Build.0 = Release|Any CPU
		{8370767F-F180-4F84-B33B-404A103F8146}.Debug|Any CPU.ActiveCfg = Debug|Any CPU
		{8370767F-F180-4F84-B33B-404A103F8146}.Debug|Any CPU.Build.0 = Debug|Any CPU
		{8370767F-F180-4F84-B33B-404A103F8146}.Debug|x64.ActiveCfg = Debug|Any CPU
		{8370767F-F180-4F84-B33B-404A103F8146}.Debug|x64.Build.0 = Debug|Any CPU
		{8370767F-F180-4F84-B33B-404A103F8146}.Debug|x86.ActiveCfg = Debug|Any CPU
		{8370767F-F180-4F84-B33B-404A103F8146}.Debug|x86.Build.0 = Debug|Any CPU
		{8370767F-F180-4F84-B33B-404A103F8146}.Release|Any CPU.ActiveCfg = Release|Any CPU
		{8370767F-F180-4F84-B33B-404A103F8146}.Release|Any CPU.Build.0 = Release|Any CPU
		{8370767F-F180-4F84-B33B-404A103F8146}.Release|x64.ActiveCfg = Release|Any CPU
		{8370767F-F180-4F84-B33B-404A103F8146}.Release|x64.Build.0 = Release|Any CPU
		{8370767F-F180-4F84-B33B-404A103F8146}.Release|x86.ActiveCfg = Release|Any CPU
		{8370767F-F180-4F84-B33B-404A103F8146}.Release|x86.Build.0 = Release|Any CPU
		{BB94F657-81E1-44A2-9C5E-F3AFE973FD57}.Debug|Any CPU.ActiveCfg = Debug|Any CPU
		{BB94F657-81E1-44A2-9C5E-F3AFE973FD57}.Debug|Any CPU.Build.0 = Debug|Any CPU
		{BB94F657-81E1-44A2-9C5E-F3AFE973FD57}.Debug|x64.ActiveCfg = Debug|Any CPU
		{BB94F657-81E1-44A2-9C5E-F3AFE973FD57}.Debug|x64.Build.0 = Debug|Any CPU
		{BB94F657-81E1-44A2-9C5E-F3AFE973FD57}.Debug|x86.ActiveCfg = Debug|Any CPU
		{BB94F657-81E1-44A2-9C5E-F3AFE973FD57}.Debug|x86.Build.0 = Debug|Any CPU
		{BB94F657-81E1-44A2-9C5E-F3AFE973FD57}.Release|Any CPU.ActiveCfg = Release|Any CPU
		{BB94F657-81E1-44A2-9C5E-F3AFE973FD57}.Release|Any CPU.Build.0 = Release|Any CPU
		{BB94F657-81E1-44A2-9C5E-F3AFE973FD57}.Release|x64.ActiveCfg = Release|Any CPU
		{BB94F657-81E1-44A2-9C5E-F3AFE973FD57}.Release|x64.Build.0 = Release|Any CPU
		{BB94F657-81E1-44A2-9C5E-F3AFE973FD57}.Release|x86.ActiveCfg = Release|Any CPU
		{BB94F657-81E1-44A2-9C5E-F3AFE973FD57}.Release|x86.Build.0 = Release|Any CPU
		{E23E812C-14D7-4E79-AC96-43A143766459}.Debug|Any CPU.ActiveCfg = Debug|Any CPU
		{E23E812C-14D7-4E79-AC96-43A143766459}.Debug|Any CPU.Build.0 = Debug|Any CPU
		{E23E812C-14D7-4E79-AC96-43A143766459}.Debug|x64.ActiveCfg = Debug|Any CPU
		{E23E812C-14D7-4E79-AC96-43A143766459}.Debug|x64.Build.0 = Debug|Any CPU
		{E23E812C-14D7-4E79-AC96-43A143766459}.Debug|x86.ActiveCfg = Debug|Any CPU
		{E23E812C-14D7-4E79-AC96-43A143766459}.Debug|x86.Build.0 = Debug|Any CPU
		{E23E812C-14D7-4E79-AC96-43A143766459}.Release|Any CPU.ActiveCfg = Release|Any CPU
		{E23E812C-14D7-4E79-AC96-43A143766459}.Release|Any CPU.Build.0 = Release|Any CPU
		{E23E812C-14D7-4E79-AC96-43A143766459}.Release|x64.ActiveCfg = Release|Any CPU
		{E23E812C-14D7-4E79-AC96-43A143766459}.Release|x64.Build.0 = Release|Any CPU
		{E23E812C-14D7-4E79-AC96-43A143766459}.Release|x86.ActiveCfg = Release|Any CPU
		{E23E812C-14D7-4E79-AC96-43A143766459}.Release|x86.Build.0 = Release|Any CPU
		{51149F2B-676C-4C9F-988F-E7C23A1E4B19}.Debug|Any CPU.ActiveCfg = Debug|Any CPU
		{51149F2B-676C-4C9F-988F-E7C23A1E4B19}.Debug|Any CPU.Build.0 = Debug|Any CPU
		{51149F2B-676C-4C9F-988F-E7C23A1E4B19}.Debug|x64.ActiveCfg = Debug|Any CPU
		{51149F2B-676C-4C9F-988F-E7C23A1E4B19}.Debug|x64.Build.0 = Debug|Any CPU
		{51149F2B-676C-4C9F-988F-E7C23A1E4B19}.Debug|x86.ActiveCfg = Debug|Any CPU
		{51149F2B-676C-4C9F-988F-E7C23A1E4B19}.Debug|x86.Build.0 = Debug|Any CPU
		{51149F2B-676C-4C9F-988F-E7C23A1E4B19}.Release|Any CPU.ActiveCfg = Release|Any CPU
		{51149F2B-676C-4C9F-988F-E7C23A1E4B19}.Release|Any CPU.Build.0 = Release|Any CPU
		{51149F2B-676C-4C9F-988F-E7C23A1E4B19}.Release|x64.ActiveCfg = Release|Any CPU
		{51149F2B-676C-4C9F-988F-E7C23A1E4B19}.Release|x64.Build.0 = Release|Any CPU
		{51149F2B-676C-4C9F-988F-E7C23A1E4B19}.Release|x86.ActiveCfg = Release|Any CPU
		{51149F2B-676C-4C9F-988F-E7C23A1E4B19}.Release|x86.Build.0 = Release|Any CPU
	EndGlobalSection
	GlobalSection(SolutionProperties) = preSolution
		HideSolutionNode = FALSE
	EndGlobalSection
	GlobalSection(NestedProjects) = preSolution
		{7BBC6C6D-6A48-47EE-93CA-906A70AE46DD} = {827E0CD3-B72D-47B6-A68D-7590B98EB39B}
		{3FBDAEA4-E683-4693-810F-375D100ED7EA} = {827E0CD3-B72D-47B6-A68D-7590B98EB39B}
		{B18795F8-1758-4464-BCD3-3F9DA65A9E91} = {827E0CD3-B72D-47B6-A68D-7590B98EB39B}
		{F1A82151-0CAC-4B34-964D-4A2FA6C5E989} = {827E0CD3-B72D-47B6-A68D-7590B98EB39B}
		{CA4690AF-93E9-4DA9-9ED4-DEE72D780A7E} = {827E0CD3-B72D-47B6-A68D-7590B98EB39B}
		{F5610175-8AC1-46DF-9E96-6E5B3BF2FAF3} = {827E0CD3-B72D-47B6-A68D-7590B98EB39B}
		{C95E30C7-2B3E-4205-9708-24C1DEFCE185} = {827E0CD3-B72D-47B6-A68D-7590B98EB39B}
		{2BE4A4B0-78C7-4749-B00B-1304BF8CA20F} = {827E0CD3-B72D-47B6-A68D-7590B98EB39B}
		{BD779D03-376D-4C68-9A94-8EF7988CD2BD} = {827E0CD3-B72D-47B6-A68D-7590B98EB39B}
		{B8F5C7DB-7E0E-478E-86B0-A1D84D4804EA} = {827E0CD3-B72D-47B6-A68D-7590B98EB39B}
		{3006A5A6-1F2D-47D1-A28B-7B704A30BAE7} = {827E0CD3-B72D-47B6-A68D-7590B98EB39B}
		{56C31F49-8968-4CEB-9EF4-35B3B85D24DA} = {827E0CD3-B72D-47B6-A68D-7590B98EB39B}
		{26FB3D52-E7F8-445E-8FB1-E9652D228B95} = {827E0CD3-B72D-47B6-A68D-7590B98EB39B}
		{8370767F-F180-4F84-B33B-404A103F8146} = {827E0CD3-B72D-47B6-A68D-7590B98EB39B}
		{BB94F657-81E1-44A2-9C5E-F3AFE973FD57} = {827E0CD3-B72D-47B6-A68D-7590B98EB39B}
		{E23E812C-14D7-4E79-AC96-43A143766459} = {827E0CD3-B72D-47B6-A68D-7590B98EB39B}
		{51149F2B-676C-4C9F-988F-E7C23A1E4B19} = {0AB3BF05-4346-4AA6-1389-037BE0695223}
	EndGlobalSection
EndGlobal
